
Microsoft Visual Studio Solution File, Format Version 12.00
# Visual Studio Version 17
VisualStudioVersion = 17.5.33516.290
MinimumVisualStudioVersion = 10.0.40219.1
Project("{FAE04EC0-301F-11D3-BF4B-00C04F79EFBC}") = "Demo_WebAPI_01.API", "Demo_WebAPI_01.API\Demo_WebAPI_01.API.csproj", "{C9B98C70-9E1A-4B48-9D7B-3953A0DBDCA4}"
EndProject
Project("{FAE04EC0-301F-11D3-BF4B-00C04F79EFBC}") = "Demo_WebAPI_01.BLL", "Demo_WebAPI_01.BLL\Demo_WebAPI_01.BLL.csproj", "{BA29B54B-0453-446B-BD90-B4B0D9E7BB0A}"
EndProject
Global
	GlobalSection(SolutionConfigurationPlatforms) = preSolution
		Debug|Any CPU = Debug|Any CPU
		Release|Any CPU = Release|Any CPU
	EndGlobalSection
	GlobalSection(ProjectConfigurationPlatforms) = postSolution
		{C9B98C70-9E1A-4B48-9D7B-3953A0DBDCA4}.Debug|Any CPU.ActiveCfg = Debug|Any CPU
		{C9B98C70-9E1A-4B48-9D7B-3953A0DBDCA4}.Debug|Any CPU.Build.0 = Debug|Any CPU
		{C9B98C70-9E1A-4B48-9D7B-3953A0DBDCA4}.Release|Any CPU.ActiveCfg = Release|Any CPU
		{C9B98C70-9E1A-4B48-9D7B-3953A0DBDCA4}.Release|Any CPU.Build.0 = Release|Any CPU
		{BA29B54B-0453-446B-BD90-B4B0D9E7BB0A}.Debug|Any CPU.ActiveCfg = Debug|Any CPU
		{BA29B54B-0453-446B-BD90-B4B0D9E7BB0A}.Debug|Any CPU.Build.0 = Debug|Any CPU
		{BA29B54B-0453-446B-BD90-B4B0D9E7BB0A}.Release|Any CPU.ActiveCfg = Release|Any CPU
		{BA29B54B-0453-446B-BD90-B4B0D9E7BB0A}.Release|Any CPU.Build.0 = Release|Any CPU
	EndGlobalSection
	GlobalSection(SolutionProperties) = preSolution
		HideSolutionNode = FALSE
	EndGlobalSection
	GlobalSection(ExtensibilityGlobals) = postSolution
		SolutionGuid = {78D3BD22-F2A8-4CC4-8E84-3DAE9948C984}
	EndGlobalSection
EndGlobal
